
Microsoft Visual Studio Solution File, Format Version 12.00
Project("{FAE04EC0-301F-11D3-BF4B-00C04F79EFBC}") = "Pyro.IO", "Pyro.IO\Pyro.IO.csproj", "{B4A194AF-2944-4F53-A15F-4A3259CFDE78}"
EndProject
Project("{FAE04EC0-301F-11D3-BF4B-00C04F79EFBC}") = "Pyro.Math", "Pyro.Math\Pyro.Math.csproj", "{7E0B0029-14C9-42F6-A2C5-7CFC43C649E0}"
EndProject
Project("{FAE04EC0-301F-11D3-BF4B-00C04F79EFBC}") = "Pyro.Nc", "Pyro.Nc\Pyro.Nc.csproj", "{AAE2875E-E402-4E5B-BB76-DA7D6D6B0812}"
EndProject
Project("{FAE04EC0-301F-11D3-BF4B-00C04F79EFBC}") = "Pyro.Engineering", "Pyro.Engineering\Pyro.Engineering.csproj", "{AB519B4D-342D-42F0-8D9E-EF97411B61BB}"
EndProject
Project("{FAE04EC0-301F-11D3-BF4B-00C04F79EFBC}") = "PyroTests", "PyroTests\PyroTests.csproj", "{F496335B-435E-4CD4-A70F-4AC01B99689B}"
EndProject
Project("{FAE04EC0-301F-11D3-BF4B-00C04F79EFBC}") = "Pyro.IO.Memory", "Pyro.IO.Memory\Pyro.IO.Memory.csproj", "{6D7C301F-65A9-4CF3-A463-511EF4615486}"
EndProject
Project("{FAE04EC0-301F-11D3-BF4B-00C04F79EFBC}") = "Pyro.IO.Mods", "Pyro.IO.Mods\Pyro.IO.Mods.csproj", "{65404390-BE4F-4E78-B659-8519CCABCF55}"
EndProject
Project("{FAE04EC0-301F-11D3-BF4B-00C04F79EFBC}") = "TrConsole", "..\TritiumLibs\TrConsole\TrConsole.csproj", "{73407D27-58B5-4806-B28C-B72B1824BD69}"
EndProject
Project("{FAE04EC0-301F-11D3-BF4B-00C04F79EFBC}") = "TrCore", "..\TritiumLibs\TrCore\TrCore.csproj", "{CB079C15-4A56-4883-AAA3-FA2215EDDEB9}"
EndProject
Project("{FAE04EC0-301F-11D3-BF4B-00C04F79EFBC}") = "DuskDb.SHost", "DuskDb.SHost\DuskDb.SHost.csproj", "{1C3F3AAE-C039-41D7-AD60-0664F8AC69E6}"
EndProject
Project("{FAE04EC0-301F-11D3-BF4B-00C04F79EFBC}") = "DuskDb.Core", "DuskDb.Core\DuskDb.Core.csproj", "{6F0B989B-3637-4FBD-85F6-F07E57B8B56D}"
EndProject
Project("{FAE04EC0-301F-11D3-BF4B-00C04F79EFBC}") = "Pyro.Net", "Pyro.Net\Pyro.Net.csproj", "{085046DA-71CE-446D-8D5A-B31A12E50C1B}"
EndProject
Project("{FAE04EC0-301F-11D3-BF4B-00C04F79EFBC}") = "TriangulationBenchmarks", "TriangulationBenchmarks\TriangulationBenchmarks.csproj", "{9246782D-AEA8-4B7B-BF77-10176E6C4FA7}"
EndProject
Project("{FAE04EC0-301F-11D3-BF4B-00C04F79EFBC}") = "RaspberryPiDHT11", "RaspberryPiDHT11\RaspberryPiDHT11.csproj", "{4572D731-C0F1-4571-AE26-10DCDCA09DA9}"
EndProject
Project("{FAE04EC0-301F-11D3-BF4B-00C04F79EFBC}") = "Pyro.Injector", "Pyro.Injector\Pyro.Injector.csproj", "{9E54B44E-7442-4885-8D75-C153F91E1993}"
EndProject
Project("{FAE04EC0-301F-11D3-BF4B-00C04F79EFBC}") = "Pyro.Threading", "Pyro.Threading\Pyro.Threading.csproj", "{3A58B061-A91D-4A6B-B8A2-F2A0065D40C8}"
EndProject
Project("{FAE04EC0-301F-11D3-BF4B-00C04F79EFBC}") = "DesktopTester", "DesktopTester\DesktopTester.csproj", "{0138D722-1A50-4C69-8829-82DC353E7FB4}"
EndProject
Project("{FAE04EC0-301F-11D3-BF4B-00C04F79EFBC}") = "PyroSoftwareUpdater", "PyroSoftwareUpdater\PyroSoftwareUpdater.csproj", "{A2AA4FA5-70B3-4155-A550-E6B50281F397}"
EndProject
Project("{FAE04EC0-301F-11D3-BF4B-00C04F79EFBC}") = "PyroTester2", "PyroTester2\PyroTester2.csproj", "{0364EE5C-AB27-4A67-95C7-BD75C80DF183}"
EndProject
Project("{FAE04EC0-301F-11D3-BF4B-00C04F79EFBC}") = "Pyro.Nc.Parser", "Pyro.Nc.Parser\Pyro.Nc.Parser.csproj", "{C3E284D0-6175-4A1E-92F6-BC59425D48F4}"
EndProject
Project("{FAE04EC0-301F-11D3-BF4B-00C04F79EFBC}") = "PyroLauncher", "PyroLauncher\PyroLauncher.csproj", "{7687D27E-C143-4E67-9595-FCBAD86D6366}"
EndProject
Project("{FAE04EC0-301F-11D3-BF4B-00C04F79EFBC}") = "PyroLauncher.Api", "PyroLauncher.Api\PyroLauncher.Api.csproj", "{D7BB2A08-9236-4C30-8261-CFB70DA85095}"
EndProject
Project("{FAE04EC0-301F-11D3-BF4B-00C04F79EFBC}") = "MathTests", "MathTests\MathTests.csproj", "{57373173-88E4-4D85-973C-92946051B038}"
EndProject
Project("{8BC9CEB8-8B4A-11D0-8D11-00A0C91BC942}") = "Pyro.Nc.Cpp", "Pyro.Nc.Cpp\Pyro.Nc.Cpp.vcxproj", "{1A1397FD-F943-4BFC-93E1-C4923916D138}"
EndProject
Global
	GlobalSection(SolutionConfigurationPlatforms) = preSolution
		Debug|Any CPU = Debug|Any CPU
		Release|Any CPU = Release|Any CPU
	EndGlobalSection
	GlobalSection(ProjectConfigurationPlatforms) = postSolution
		{B4A194AF-2944-4F53-A15F-4A3259CFDE78}.Debug|Any CPU.ActiveCfg = Debug|Any CPU
		{B4A194AF-2944-4F53-A15F-4A3259CFDE78}.Debug|Any CPU.Build.0 = Debug|Any CPU
		{B4A194AF-2944-4F53-A15F-4A3259CFDE78}.Release|Any CPU.ActiveCfg = Release|Any CPU
		{B4A194AF-2944-4F53-A15F-4A3259CFDE78}.Release|Any CPU.Build.0 = Release|Any CPU
		{7E0B0029-14C9-42F6-A2C5-7CFC43C649E0}.Debug|Any CPU.ActiveCfg = Debug|Any CPU
		{7E0B0029-14C9-42F6-A2C5-7CFC43C649E0}.Debug|Any CPU.Build.0 = Debug|Any CPU
		{7E0B0029-14C9-42F6-A2C5-7CFC43C649E0}.Release|Any CPU.ActiveCfg = Release|Any CPU
		{7E0B0029-14C9-42F6-A2C5-7CFC43C649E0}.Release|Any CPU.Build.0 = Release|Any CPU
		{AAE2875E-E402-4E5B-BB76-DA7D6D6B0812}.Debug|Any CPU.ActiveCfg = Debug|Any CPU
		{AAE2875E-E402-4E5B-BB76-DA7D6D6B0812}.Debug|Any CPU.Build.0 = Debug|Any CPU
		{AAE2875E-E402-4E5B-BB76-DA7D6D6B0812}.Release|Any CPU.ActiveCfg = Release|Any CPU
		{AAE2875E-E402-4E5B-BB76-DA7D6D6B0812}.Release|Any CPU.Build.0 = Release|Any CPU
		{AB519B4D-342D-42F0-8D9E-EF97411B61BB}.Debug|Any CPU.ActiveCfg = Debug|Any CPU
		{AB519B4D-342D-42F0-8D9E-EF97411B61BB}.Debug|Any CPU.Build.0 = Debug|Any CPU
		{AB519B4D-342D-42F0-8D9E-EF97411B61BB}.Release|Any CPU.ActiveCfg = Release|Any CPU
		{AB519B4D-342D-42F0-8D9E-EF97411B61BB}.Release|Any CPU.Build.0 = Release|Any CPU
		{F496335B-435E-4CD4-A70F-4AC01B99689B}.Debug|Any CPU.ActiveCfg = Debug|Any CPU
		{F496335B-435E-4CD4-A70F-4AC01B99689B}.Debug|Any CPU.Build.0 = Debug|Any CPU
		{F496335B-435E-4CD4-A70F-4AC01B99689B}.Release|Any CPU.ActiveCfg = Release|Any CPU
		{F496335B-435E-4CD4-A70F-4AC01B99689B}.Release|Any CPU.Build.0 = Release|Any CPU
		{6D7C301F-65A9-4CF3-A463-511EF4615486}.Debug|Any CPU.ActiveCfg = Debug|Any CPU
		{6D7C301F-65A9-4CF3-A463-511EF4615486}.Debug|Any CPU.Build.0 = Debug|Any CPU
		{6D7C301F-65A9-4CF3-A463-511EF4615486}.Release|Any CPU.ActiveCfg = Release|Any CPU
		{6D7C301F-65A9-4CF3-A463-511EF4615486}.Release|Any CPU.Build.0 = Release|Any CPU
		{65404390-BE4F-4E78-B659-8519CCABCF55}.Debug|Any CPU.ActiveCfg = Debug|Any CPU
		{65404390-BE4F-4E78-B659-8519CCABCF55}.Debug|Any CPU.Build.0 = Debug|Any CPU
		{65404390-BE4F-4E78-B659-8519CCABCF55}.Release|Any CPU.ActiveCfg = Release|Any CPU
		{65404390-BE4F-4E78-B659-8519CCABCF55}.Release|Any CPU.Build.0 = Release|Any CPU
		{73407D27-58B5-4806-B28C-B72B1824BD69}.Debug|Any CPU.ActiveCfg = Debug|Any CPU
		{73407D27-58B5-4806-B28C-B72B1824BD69}.Debug|Any CPU.Build.0 = Debug|Any CPU
		{73407D27-58B5-4806-B28C-B72B1824BD69}.Release|Any CPU.ActiveCfg = Release|Any CPU
		{73407D27-58B5-4806-B28C-B72B1824BD69}.Release|Any CPU.Build.0 = Release|Any CPU
		{CB079C15-4A56-4883-AAA3-FA2215EDDEB9}.Debug|Any CPU.ActiveCfg = Debug|Any CPU
		{CB079C15-4A56-4883-AAA3-FA2215EDDEB9}.Debug|Any CPU.Build.0 = Debug|Any CPU
		{CB079C15-4A56-4883-AAA3-FA2215EDDEB9}.Release|Any CPU.ActiveCfg = Release|Any CPU
		{CB079C15-4A56-4883-AAA3-FA2215EDDEB9}.Release|Any CPU.Build.0 = Release|Any CPU
		{1C3F3AAE-C039-41D7-AD60-0664F8AC69E6}.Debug|Any CPU.ActiveCfg = Debug|Any CPU
		{1C3F3AAE-C039-41D7-AD60-0664F8AC69E6}.Debug|Any CPU.Build.0 = Debug|Any CPU
		{1C3F3AAE-C039-41D7-AD60-0664F8AC69E6}.Release|Any CPU.ActiveCfg = Release|Any CPU
		{1C3F3AAE-C039-41D7-AD60-0664F8AC69E6}.Release|Any CPU.Build.0 = Release|Any CPU
		{6F0B989B-3637-4FBD-85F6-F07E57B8B56D}.Debug|Any CPU.ActiveCfg = Debug|Any CPU
		{6F0B989B-3637-4FBD-85F6-F07E57B8B56D}.Debug|Any CPU.Build.0 = Debug|Any CPU
		{6F0B989B-3637-4FBD-85F6-F07E57B8B56D}.Release|Any CPU.ActiveCfg = Release|Any CPU
		{6F0B989B-3637-4FBD-85F6-F07E57B8B56D}.Release|Any CPU.Build.0 = Release|Any CPU
		{085046DA-71CE-446D-8D5A-B31A12E50C1B}.Debug|Any CPU.ActiveCfg = Debug|Any CPU
		{085046DA-71CE-446D-8D5A-B31A12E50C1B}.Debug|Any CPU.Build.0 = Debug|Any CPU
		{085046DA-71CE-446D-8D5A-B31A12E50C1B}.Release|Any CPU.ActiveCfg = Release|Any CPU
		{085046DA-71CE-446D-8D5A-B31A12E50C1B}.Release|Any CPU.Build.0 = Release|Any CPU
		{9246782D-AEA8-4B7B-BF77-10176E6C4FA7}.Debug|Any CPU.ActiveCfg = Debug|Any CPU
		{9246782D-AEA8-4B7B-BF77-10176E6C4FA7}.Debug|Any CPU.Build.0 = Debug|Any CPU
		{9246782D-AEA8-4B7B-BF77-10176E6C4FA7}.Release|Any CPU.ActiveCfg = Release|Any CPU
		{9246782D-AEA8-4B7B-BF77-10176E6C4FA7}.Release|Any CPU.Build.0 = Release|Any CPU
		{4572D731-C0F1-4571-AE26-10DCDCA09DA9}.Debug|Any CPU.ActiveCfg = Debug|Any CPU
		{4572D731-C0F1-4571-AE26-10DCDCA09DA9}.Debug|Any CPU.Build.0 = Debug|Any CPU
		{4572D731-C0F1-4571-AE26-10DCDCA09DA9}.Release|Any CPU.ActiveCfg = Release|Any CPU
		{4572D731-C0F1-4571-AE26-10DCDCA09DA9}.Release|Any CPU.Build.0 = Release|Any CPU
		{9E54B44E-7442-4885-8D75-C153F91E1993}.Debug|Any CPU.ActiveCfg = Debug|Any CPU
		{9E54B44E-7442-4885-8D75-C153F91E1993}.Debug|Any CPU.Build.0 = Debug|Any CPU
		{9E54B44E-7442-4885-8D75-C153F91E1993}.Release|Any CPU.ActiveCfg = Release|Any CPU
		{9E54B44E-7442-4885-8D75-C153F91E1993}.Release|Any CPU.Build.0 = Release|Any CPU
		{3A58B061-A91D-4A6B-B8A2-F2A0065D40C8}.Debug|Any CPU.ActiveCfg = Debug|Any CPU
		{3A58B061-A91D-4A6B-B8A2-F2A0065D40C8}.Debug|Any CPU.Build.0 = Debug|Any CPU
		{3A58B061-A91D-4A6B-B8A2-F2A0065D40C8}.Release|Any CPU.ActiveCfg = Release|Any CPU
		{3A58B061-A91D-4A6B-B8A2-F2A0065D40C8}.Release|Any CPU.Build.0 = Release|Any CPU
		{0138D722-1A50-4C69-8829-82DC353E7FB4}.Debug|Any CPU.ActiveCfg = Debug|Any CPU
		{0138D722-1A50-4C69-8829-82DC353E7FB4}.Debug|Any CPU.Build.0 = Debug|Any CPU
		{0138D722-1A50-4C69-8829-82DC353E7FB4}.Release|Any CPU.ActiveCfg = Release|Any CPU
		{0138D722-1A50-4C69-8829-82DC353E7FB4}.Release|Any CPU.Build.0 = Release|Any CPU
		{A2AA4FA5-70B3-4155-A550-E6B50281F397}.Debug|Any CPU.ActiveCfg = Debug|Any CPU
		{A2AA4FA5-70B3-4155-A550-E6B50281F397}.Debug|Any CPU.Build.0 = Debug|Any CPU
		{A2AA4FA5-70B3-4155-A550-E6B50281F397}.Release|Any CPU.ActiveCfg = Release|Any CPU
		{A2AA4FA5-70B3-4155-A550-E6B50281F397}.Release|Any CPU.Build.0 = Release|Any CPU
		{0364EE5C-AB27-4A67-95C7-BD75C80DF183}.Debug|Any CPU.ActiveCfg = Debug|Any CPU
		{0364EE5C-AB27-4A67-95C7-BD75C80DF183}.Debug|Any CPU.Build.0 = Debug|Any CPU
		{0364EE5C-AB27-4A67-95C7-BD75C80DF183}.Release|Any CPU.ActiveCfg = Release|Any CPU
		{0364EE5C-AB27-4A67-95C7-BD75C80DF183}.Release|Any CPU.Build.0 = Release|Any CPU
		{C3E284D0-6175-4A1E-92F6-BC59425D48F4}.Debug|Any CPU.ActiveCfg = Debug|Any CPU
		{C3E284D0-6175-4A1E-92F6-BC59425D48F4}.Debug|Any CPU.Build.0 = Debug|Any CPU
		{C3E284D0-6175-4A1E-92F6-BC59425D48F4}.Release|Any CPU.ActiveCfg = Release|Any CPU
		{C3E284D0-6175-4A1E-92F6-BC59425D48F4}.Release|Any CPU.Build.0 = Release|Any CPU
		{7687D27E-C143-4E67-9595-FCBAD86D6366}.Debug|Any CPU.ActiveCfg = Debug|Any CPU
		{7687D27E-C143-4E67-9595-FCBAD86D6366}.Debug|Any CPU.Build.0 = Debug|Any CPU
		{7687D27E-C143-4E67-9595-FCBAD86D6366}.Release|Any CPU.ActiveCfg = Release|Any CPU
		{7687D27E-C143-4E67-9595-FCBAD86D6366}.Release|Any CPU.Build.0 = Release|Any CPU
		{D7BB2A08-9236-4C30-8261-CFB70DA85095}.Debug|Any CPU.ActiveCfg = Debug|Any CPU
		{D7BB2A08-9236-4C30-8261-CFB70DA85095}.Debug|Any CPU.Build.0 = Debug|Any CPU
		{D7BB2A08-9236-4C30-8261-CFB70DA85095}.Release|Any CPU.ActiveCfg = Release|Any CPU
		{D7BB2A08-9236-4C30-8261-CFB70DA85095}.Release|Any CPU.Build.0 = Release|Any CPU
		{57373173-88E4-4D85-973C-92946051B038}.Debug|Any CPU.ActiveCfg = Debug|Any CPU
		{57373173-88E4-4D85-973C-92946051B038}.Debug|Any CPU.Build.0 = Debug|Any CPU
		{57373173-88E4-4D85-973C-92946051B038}.Release|Any CPU.ActiveCfg = Release|Any CPU
		{57373173-88E4-4D85-973C-92946051B038}.Release|Any CPU.Build.0 = Release|Any CPU
		{1A1397FD-F943-4BFC-93E1-C4923916D138}.Debug|Any CPU.ActiveCfg = Debug|Win32
		{1A1397FD-F943-4BFC-93E1-C4923916D138}.Debug|Any CPU.Build.0 = Debug|Win32
		{1A1397FD-F943-4BFC-93E1-C4923916D138}.Release|Any CPU.ActiveCfg = Release|Win32
		{1A1397FD-F943-4BFC-93E1-C4923916D138}.Release|Any CPU.Build.0 = Release|Win32
	EndGlobalSection
EndGlobal
