
Microsoft Visual Studio Solution File, Format Version 12.00
Project("{FAE04EC0-301F-11D3-BF4B-00C04F79EFBC}") = "Pyro.IO", "Pyro.IO\Pyro.IO.csproj", "{B4A194AF-2944-4F53-A15F-4A3259CFDE78}"
EndProject
Project("{FAE04EC0-301F-11D3-BF4B-00C04F79EFBC}") = "Pyro.Math", "Pyro.Math\Pyro.Math.csproj", "{7E0B0029-14C9-42F6-A2C5-7CFC43C649E0}"
EndProject
Project("{FAE04EC0-301F-11D3-BF4B-00C04F79EFBC}") = "Pyro.Nc", "Pyro.Nc\Pyro.Nc.csproj", "{AAE2875E-E402-4E5B-BB76-DA7D6D6B0812}"
EndProject
Project("{FAE04EC0-301F-11D3-BF4B-00C04F79EFBC}") = "Pyro.Engineering", "Pyro.Engineering\Pyro.Engineering.csproj", "{AB519B4D-342D-42F0-8D9E-EF97411B61BB}"
EndProject
Project("{FAE04EC0-301F-11D3-BF4B-00C04F79EFBC}") = "PyroTests", "PyroTests\PyroTests.csproj", "{F496335B-435E-4CD4-A70F-4AC01B99689B}"
EndProject
Project("{FAE04EC0-301F-11D3-BF4B-00C04F79EFBC}") = "Pyro.IO.Memory", "Pyro.IO.Memory\Pyro.IO.Memory.csproj", "{6D7C301F-65A9-4CF3-A463-511EF4615486}"
EndProject
Project("{FAE04EC0-301F-11D3-BF4B-00C04F79EFBC}") = "Pyro.IO.Mods", "Pyro.IO.Mods\Pyro.IO.Mods.csproj", "{65404390-BE4F-4E78-B659-8519CCABCF55}"
EndProject
Project("{FAE04EC0-301F-11D3-BF4B-00C04F79EFBC}") = "TrConsole", "..\TritiumLibs\TrConsole\TrConsole.csproj", "{73407D27-58B5-4806-B28C-B72B1824BD69}"
EndProject
Project("{FAE04EC0-301F-11D3-BF4B-00C04F79EFBC}") = "TrCore", "..\TritiumLibs\TrCore\TrCore.csproj", "{CB079C15-4A56-4883-AAA3-FA2215EDDEB9}"
EndProject
Project("{FAE04EC0-301F-11D3-BF4B-00C04F79EFBC}") = "DuskDb.NetFramework", "DuskDb.NetFramework\DuskDb.NetFramework.csproj", "{629F673B-98D1-4460-A5DE-E60B079BE83B}"
EndProject
Project("{FAE04EC0-301F-11D3-BF4B-00C04F79EFBC}") = "DuskDb.SHost", "DuskDb.SHost\DuskDb.SHost.csproj", "{1C3F3AAE-C039-41D7-AD60-0664F8AC69E6}"
EndProject
Project("{FAE04EC0-301F-11D3-BF4B-00C04F79EFBC}") = "DuskDb.Core", "DuskDb.Core\DuskDb.Core.csproj", "{6F0B989B-3637-4FBD-85F6-F07E57B8B56D}"
EndProject
Project("{FAE04EC0-301F-11D3-BF4B-00C04F79EFBC}") = "Pyro.Net", "Pyro.Net\Pyro.Net.csproj", "{085046DA-71CE-446D-8D5A-B31A12E50C1B}"
EndProject
Global
	GlobalSection(SolutionConfigurationPlatforms) = preSolution
		Debug|Any CPU = Debug|Any CPU
		Release|Any CPU = Release|Any CPU
	EndGlobalSection
	GlobalSection(ProjectConfigurationPlatforms) = postSolution
		{B4A194AF-2944-4F53-A15F-4A3259CFDE78}.Debug|Any CPU.ActiveCfg = Debug|Any CPU
		{B4A194AF-2944-4F53-A15F-4A3259CFDE78}.Debug|Any CPU.Build.0 = Debug|Any CPU
		{B4A194AF-2944-4F53-A15F-4A3259CFDE78}.Release|Any CPU.ActiveCfg = Release|Any CPU
		{B4A194AF-2944-4F53-A15F-4A3259CFDE78}.Release|Any CPU.Build.0 = Release|Any CPU
		{7E0B0029-14C9-42F6-A2C5-7CFC43C649E0}.Debug|Any CPU.ActiveCfg = Debug|Any CPU
		{7E0B0029-14C9-42F6-A2C5-7CFC43C649E0}.Debug|Any CPU.Build.0 = Debug|Any CPU
		{7E0B0029-14C9-42F6-A2C5-7CFC43C649E0}.Release|Any CPU.ActiveCfg = Release|Any CPU
		{7E0B0029-14C9-42F6-A2C5-7CFC43C649E0}.Release|Any CPU.Build.0 = Release|Any CPU
		{AAE2875E-E402-4E5B-BB76-DA7D6D6B0812}.Debug|Any CPU.ActiveCfg = Debug|Any CPU
		{AAE2875E-E402-4E5B-BB76-DA7D6D6B0812}.Debug|Any CPU.Build.0 = Debug|Any CPU
		{AAE2875E-E402-4E5B-BB76-DA7D6D6B0812}.Release|Any CPU.ActiveCfg = Release|Any CPU
		{AAE2875E-E402-4E5B-BB76-DA7D6D6B0812}.Release|Any CPU.Build.0 = Release|Any CPU
		{AB519B4D-342D-42F0-8D9E-EF97411B61BB}.Debug|Any CPU.ActiveCfg = Debug|Any CPU
		{AB519B4D-342D-42F0-8D9E-EF97411B61BB}.Debug|Any CPU.Build.0 = Debug|Any CPU
		{AB519B4D-342D-42F0-8D9E-EF97411B61BB}.Release|Any CPU.ActiveCfg = Release|Any CPU
		{AB519B4D-342D-42F0-8D9E-EF97411B61BB}.Release|Any CPU.Build.0 = Release|Any CPU
		{F496335B-435E-4CD4-A70F-4AC01B99689B}.Debug|Any CPU.ActiveCfg = Debug|Any CPU
		{F496335B-435E-4CD4-A70F-4AC01B99689B}.Debug|Any CPU.Build.0 = Debug|Any CPU
		{F496335B-435E-4CD4-A70F-4AC01B99689B}.Release|Any CPU.ActiveCfg = Release|Any CPU
		{F496335B-435E-4CD4-A70F-4AC01B99689B}.Release|Any CPU.Build.0 = Release|Any CPU
		{6D7C301F-65A9-4CF3-A463-511EF4615486}.Debug|Any CPU.ActiveCfg = Debug|Any CPU
		{6D7C301F-65A9-4CF3-A463-511EF4615486}.Debug|Any CPU.Build.0 = Debug|Any CPU
		{6D7C301F-65A9-4CF3-A463-511EF4615486}.Release|Any CPU.ActiveCfg = Release|Any CPU
		{6D7C301F-65A9-4CF3-A463-511EF4615486}.Release|Any CPU.Build.0 = Release|Any CPU
		{65404390-BE4F-4E78-B659-8519CCABCF55}.Debug|Any CPU.ActiveCfg = Debug|Any CPU
		{65404390-BE4F-4E78-B659-8519CCABCF55}.Debug|Any CPU.Build.0 = Debug|Any CPU
		{65404390-BE4F-4E78-B659-8519CCABCF55}.Release|Any CPU.ActiveCfg = Release|Any CPU
		{65404390-BE4F-4E78-B659-8519CCABCF55}.Release|Any CPU.Build.0 = Release|Any CPU
		{73407D27-58B5-4806-B28C-B72B1824BD69}.Debug|Any CPU.ActiveCfg = Debug|Any CPU
		{73407D27-58B5-4806-B28C-B72B1824BD69}.Debug|Any CPU.Build.0 = Debug|Any CPU
		{73407D27-58B5-4806-B28C-B72B1824BD69}.Release|Any CPU.ActiveCfg = Release|Any CPU
		{73407D27-58B5-4806-B28C-B72B1824BD69}.Release|Any CPU.Build.0 = Release|Any CPU
		{CB079C15-4A56-4883-AAA3-FA2215EDDEB9}.Debug|Any CPU.ActiveCfg = Debug|Any CPU
		{CB079C15-4A56-4883-AAA3-FA2215EDDEB9}.Debug|Any CPU.Build.0 = Debug|Any CPU
		{CB079C15-4A56-4883-AAA3-FA2215EDDEB9}.Release|Any CPU.ActiveCfg = Release|Any CPU
		{CB079C15-4A56-4883-AAA3-FA2215EDDEB9}.Release|Any CPU.Build.0 = Release|Any CPU
		{629F673B-98D1-4460-A5DE-E60B079BE83B}.Debug|Any CPU.ActiveCfg = Debug|Any CPU
		{629F673B-98D1-4460-A5DE-E60B079BE83B}.Debug|Any CPU.Build.0 = Debug|Any CPU
		{629F673B-98D1-4460-A5DE-E60B079BE83B}.Release|Any CPU.ActiveCfg = Release|Any CPU
		{629F673B-98D1-4460-A5DE-E60B079BE83B}.Release|Any CPU.Build.0 = Release|Any CPU
		{1C3F3AAE-C039-41D7-AD60-0664F8AC69E6}.Debug|Any CPU.ActiveCfg = Debug|Any CPU
		{1C3F3AAE-C039-41D7-AD60-0664F8AC69E6}.Debug|Any CPU.Build.0 = Debug|Any CPU
		{1C3F3AAE-C039-41D7-AD60-0664F8AC69E6}.Release|Any CPU.ActiveCfg = Release|Any CPU
		{1C3F3AAE-C039-41D7-AD60-0664F8AC69E6}.Release|Any CPU.Build.0 = Release|Any CPU
		{6F0B989B-3637-4FBD-85F6-F07E57B8B56D}.Debug|Any CPU.ActiveCfg = Debug|Any CPU
		{6F0B989B-3637-4FBD-85F6-F07E57B8B56D}.Debug|Any CPU.Build.0 = Debug|Any CPU
		{6F0B989B-3637-4FBD-85F6-F07E57B8B56D}.Release|Any CPU.ActiveCfg = Release|Any CPU
		{6F0B989B-3637-4FBD-85F6-F07E57B8B56D}.Release|Any CPU.Build.0 = Release|Any CPU
		{085046DA-71CE-446D-8D5A-B31A12E50C1B}.Debug|Any CPU.ActiveCfg = Debug|Any CPU
		{085046DA-71CE-446D-8D5A-B31A12E50C1B}.Debug|Any CPU.Build.0 = Debug|Any CPU
		{085046DA-71CE-446D-8D5A-B31A12E50C1B}.Release|Any CPU.ActiveCfg = Release|Any CPU
		{085046DA-71CE-446D-8D5A-B31A12E50C1B}.Release|Any CPU.Build.0 = Release|Any CPU
	EndGlobalSection
EndGlobal
